
Microsoft Visual Studio Solution File, Format Version 12.00
# Visual Studio Version 17
VisualStudioVersion = 17.9.34728.123
MinimumVisualStudioVersion = 10.0.40219.1
Project("{FAE04EC0-301F-11D3-BF4B-00C04F79EFBC}") = "csharp-lista-indirizzi", "csharp-lista-indirizzi\csharp-lista-indirizzi.csproj", "{BAD49E23-0AFA-4F56-93D4-C694986BA460}"
EndProject
Global
	GlobalSection(SolutionConfigurationPlatforms) = preSolution
		Debug|Any CPU = Debug|Any CPU
		Release|Any CPU = Release|Any CPU
	EndGlobalSection
	GlobalSection(ProjectConfigurationPlatforms) = postSolution
		{BAD49E23-0AFA-4F56-93D4-C694986BA460}.Debug|Any CPU.ActiveCfg = Debug|Any CPU
		{BAD49E23-0AFA-4F56-93D4-C694986BA460}.Debug|Any CPU.Build.0 = Debug|Any CPU
		{BAD49E23-0AFA-4F56-93D4-C694986BA460}.Release|Any CPU.ActiveCfg = Release|Any CPU
		{BAD49E23-0AFA-4F56-93D4-C694986BA460}.Release|Any CPU.Build.0 = Release|Any CPU
	EndGlobalSection
	GlobalSection(SolutionProperties) = preSolution
		HideSolutionNode = FALSE
	EndGlobalSection
	GlobalSection(ExtensibilityGlobals) = postSolution
		SolutionGuid = {D9D17F32-CF6B-4A92-BA96-5D84A596916E}
	EndGlobalSection
EndGlobal
